dependencies:
  button:
    component_hash: null
    source:
      path: C:\Users\GXG\esp\v5.2.2\esp-idf\examples\bluetooth\esp_ble_mesh\common_components\button
      type: local
    version: '*'
  example_init:
    component_hash: null
    source:
      path: C:\Users\GXG\esp\v5.2.2\esp-idf\examples\bluetooth\esp_ble_mesh\common_components\example_init
      type: local
    version: '*'
  example_nvs:
    component_hash: null
    source:
      path: C:\Users\GXG\esp\v5.2.2\esp-idf\examples\bluetooth\esp_ble_mesh\common_components\example_nvs
      type: local
    version: '*'
  idf:
    component_hash: null
    source:
      type: idf
    version: 5.2.2
manifest_hash: 7d448c0a65a3a325d9da75db0ea0d1cd9bb4b0f2316386dc02809389d45a1d67
target: esp32
version: 1.0.0
