dependencies:
  button:
    component_hash: null
    source:
      path: D:\esp\esp-idf\examples\bluetooth\esp_ble_mesh\common_components\button
      type: local
    version: '*'
  example_init:
    component_hash: null
    source:
      path: D:\esp\esp-idf\examples\bluetooth\esp_ble_mesh\common_components\example_init
      type: local
    version: '*'
  example_nvs:
    component_hash: null
    source:
      path: D:\esp\esp-idf\examples\bluetooth\esp_ble_mesh\common_components\example_nvs
      type: local
    version: '*'
  idf:
    component_hash: null
    source:
      type: idf
    version: 5.2.2
manifest_hash: c5b98b43e3dad3e38f9f309128f1e0fdcc9140fefca2cf0a5aca106644e55bbd
target: esp32
version: 1.0.0
